
Microsoft Visual Studio Solution File, Format Version 12.00
# Visual Studio 14
VisualStudioVersion = 14.0.25420.1
MinimumVisualStudioVersion = 10.0.40219.1
Project("{2150E333-8FDC-42A3-9474-1A3956D46DE8}") = "1.CQS", "1.CQS", "{7423846F-7C7F-4C0D-A53F-2CFA0C8CBD83}"
EndProject
Project("{FAE04EC0-301F-11D3-BF4B-00C04F79EFBC}") = "CQS", "src\CQS\CQS.csproj", "{02D5237F-32CB-49CF-A4DE-61958F3B15CA}"
EndProject
Project("{2150E333-8FDC-42A3-9474-1A3956D46DE8}") = "2.GRASP", "2.GRASP", "{9AE03574-E7B8-4A74-8C87-B8C528E98881}"
EndProject
Project("{FAE04EC0-301F-11D3-BF4B-00C04F79EFBC}") = "Creator", "src\GRASP\Creator\Creator.csproj", "{50325A40-DE46-44B2-A58B-8D5D0ABF32D5}"
EndProject
Project("{FAE04EC0-301F-11D3-BF4B-00C04F79EFBC}") = "Expert", "src\GRASP\Expert\Expert.csproj", "{75CA1C62-B523-4810-AAC1-68C422617005}"
EndProject
Project("{FAE04EC0-301F-11D3-BF4B-00C04F79EFBC}") = "LowCoupling", "src\GRASP\LowCoupling\LowCoupling.csproj", "{1A5ECA66-10F7-4A26-A032-252AA1B9EE64}"
EndProject
Project("{FAE04EC0-301F-11D3-BF4B-00C04F79EFBC}") = "HighCohesion", "src\GRASP\HighCohesion\HighCohesion.csproj", "{FC5E729E-8A7A-478D-85BF-F7F175EB0778}"
EndProject
Project("{2150E333-8FDC-42A3-9474-1A3956D46DE8}") = "3.SOLID", "3.SOLID", "{B2B3E2A0-9B78-4C9A-B2D0-1DAF75627688}"
EndProject
Project("{FAE04EC0-301F-11D3-BF4B-00C04F79EFBC}") = "OpenClosePrinciple", "src\SOLID\OpenClosePrinciple\OpenClosePrinciple.csproj", "{40649E52-345D-426C-B249-1F90C0466C92}"
EndProject
Project("{FAE04EC0-301F-11D3-BF4B-00C04F79EFBC}") = "LiskovSubistutionPeinciple", "src\SOLID\LiskovSubistutionPeinciple\LiskovSubistutionPeinciple.csproj", "{8BB5B6E2-8E28-4616-B25A-8BF70AD2D1FD}"
EndProject
Project("{FAE04EC0-301F-11D3-BF4B-00C04F79EFBC}") = "InterfaceSegregationPrinciple", "src\SOLID\InterfaceSegregationPrinciple\InterfaceSegregationPrinciple.csproj", "{1CE3A583-E0B0-4F66-8B78-FBA46246CA54}"
EndProject
Project("{FAE04EC0-301F-11D3-BF4B-00C04F79EFBC}") = "DependecyInversion", "src\SOLID\DependecyInversion\DependecyInversion.csproj", "{3098C070-BF58-4F7D-87E5-F9D4E3E53229}"
EndProject
Project("{FAE04EC0-301F-11D3-BF4B-00C04F79EFBC}") = "SingleResponsability", "src\SOLID\SingleResponsability\SingleResponsability.csproj", "{02B13875-6025-4412-BF60-4B554CD3791A}"
EndProject
Project("{2150E333-8FDC-42A3-9474-1A3956D46DE8}") = "4.GOF", "4.GOF", "{1DBF17DC-8AA0-460B-9AB0-77975573DC58}"
EndProject
Project("{2150E333-8FDC-42A3-9474-1A3956D46DE8}") = "4.1.Criacionais", "4.1.Criacionais", "{0327CC21-AFF3-4621-ADA4-1C4875564478}"
EndProject
Project("{FAE04EC0-301F-11D3-BF4B-00C04F79EFBC}") = "Singleton", "src\GOF\Criacionais\Singleton\Singleton.csproj", "{7EAD921A-A32D-4CA1-B9CD-FC8BBE35C858}"
EndProject
Project("{FAE04EC0-301F-11D3-BF4B-00C04F79EFBC}") = "FactoryMathod", "src\GOF\Criacionais\FactoreMathod\FactoryMathod.csproj", "{9FE19D52-E0CD-4CCE-9D2C-04E94565573C}"
EndProject
Project("{FAE04EC0-301F-11D3-BF4B-00C04F79EFBC}") = "AbstractFactory", "src\GOF\Criacionais\AbstractFactory\AbstractFactory.csproj", "{7D0DA9D2-0DA2-4F11-ABE0-BA2394BD2330}"
EndProject
Project("{FAE04EC0-301F-11D3-BF4B-00C04F79EFBC}") = "ReflectionFactory", "src\GOF\Criacionais\ReflectionFactory\ReflectionFactory.csproj", "{4AFADCF8-22FF-40E4-99F6-F53430DE9451}"
EndProject
Project("{FAE04EC0-301F-11D3-BF4B-00C04F79EFBC}") = "Builder", "src\GOF\Criacionais\Builder\Builder.csproj", "{8E47D59A-D732-4131-8960-A6DDA53213FE}"
EndProject
Project("{2150E333-8FDC-42A3-9474-1A3956D46DE8}") = "4.2.Estruturais", "4.2.Estruturais", "{CCE689D0-37BE-4D89-B4DC-0AAD67AB4C8E}"
EndProject
Project("{FAE04EC0-301F-11D3-BF4B-00C04F79EFBC}") = "Adapter", "src\GOF\Estruturais\Adapter\Adapter.csproj", "{2F987708-B9B5-4B72-92F9-0D43A952BF0B}"
EndProject
Global
	GlobalSection(SolutionConfigurationPlatforms) = preSolution
		Debug|Any CPU = Debug|Any CPU
		Release|Any CPU = Release|Any CPU
	EndGlobalSection
	GlobalSection(ProjectConfigurationPlatforms) = postSolution
		{02D5237F-32CB-49CF-A4DE-61958F3B15CA}.Debug|Any CPU.ActiveCfg = Debug|Any CPU
		{02D5237F-32CB-49CF-A4DE-61958F3B15CA}.Debug|Any CPU.Build.0 = Debug|Any CPU
		{02D5237F-32CB-49CF-A4DE-61958F3B15CA}.Release|Any CPU.ActiveCfg = Release|Any CPU
		{02D5237F-32CB-49CF-A4DE-61958F3B15CA}.Release|Any CPU.Build.0 = Release|Any CPU
		{50325A40-DE46-44B2-A58B-8D5D0ABF32D5}.Debug|Any CPU.ActiveCfg = Debug|Any CPU
		{50325A40-DE46-44B2-A58B-8D5D0ABF32D5}.Debug|Any CPU.Build.0 = Debug|Any CPU
		{50325A40-DE46-44B2-A58B-8D5D0ABF32D5}.Release|Any CPU.ActiveCfg = Release|Any CPU
		{50325A40-DE46-44B2-A58B-8D5D0ABF32D5}.Release|Any CPU.Build.0 = Release|Any CPU
		{75CA1C62-B523-4810-AAC1-68C422617005}.Debug|Any CPU.ActiveCfg = Debug|Any CPU
		{75CA1C62-B523-4810-AAC1-68C422617005}.Debug|Any CPU.Build.0 = Debug|Any CPU
		{75CA1C62-B523-4810-AAC1-68C422617005}.Release|Any CPU.ActiveCfg = Release|Any CPU
		{75CA1C62-B523-4810-AAC1-68C422617005}.Release|Any CPU.Build.0 = Release|Any CPU
		{1A5ECA66-10F7-4A26-A032-252AA1B9EE64}.Debug|Any CPU.ActiveCfg = Debug|Any CPU
		{1A5ECA66-10F7-4A26-A032-252AA1B9EE64}.Debug|Any CPU.Build.0 = Debug|Any CPU
		{1A5ECA66-10F7-4A26-A032-252AA1B9EE64}.Release|Any CPU.ActiveCfg = Release|Any CPU
		{1A5ECA66-10F7-4A26-A032-252AA1B9EE64}.Release|Any CPU.Build.0 = Release|Any CPU
		{FC5E729E-8A7A-478D-85BF-F7F175EB0778}.Debug|Any CPU.ActiveCfg = Debug|Any CPU
		{FC5E729E-8A7A-478D-85BF-F7F175EB0778}.Debug|Any CPU.Build.0 = Debug|Any CPU
		{FC5E729E-8A7A-478D-85BF-F7F175EB0778}.Release|Any CPU.ActiveCfg = Release|Any CPU
		{FC5E729E-8A7A-478D-85BF-F7F175EB0778}.Release|Any CPU.Build.0 = Release|Any CPU
		{40649E52-345D-426C-B249-1F90C0466C92}.Debug|Any CPU.ActiveCfg = Debug|Any CPU
		{40649E52-345D-426C-B249-1F90C0466C92}.Debug|Any CPU.Build.0 = Debug|Any CPU
		{40649E52-345D-426C-B249-1F90C0466C92}.Release|Any CPU.ActiveCfg = Release|Any CPU
		{40649E52-345D-426C-B249-1F90C0466C92}.Release|Any CPU.Build.0 = Release|Any CPU
		{8BB5B6E2-8E28-4616-B25A-8BF70AD2D1FD}.Debug|Any CPU.ActiveCfg = Debug|Any CPU
		{8BB5B6E2-8E28-4616-B25A-8BF70AD2D1FD}.Debug|Any CPU.Build.0 = Debug|Any CPU
		{8BB5B6E2-8E28-4616-B25A-8BF70AD2D1FD}.Release|Any CPU.ActiveCfg = Release|Any CPU
		{8BB5B6E2-8E28-4616-B25A-8BF70AD2D1FD}.Release|Any CPU.Build.0 = Release|Any CPU
		{1CE3A583-E0B0-4F66-8B78-FBA46246CA54}.Debug|Any CPU.ActiveCfg = Debug|Any CPU
		{1CE3A583-E0B0-4F66-8B78-FBA46246CA54}.Debug|Any CPU.Build.0 = Debug|Any CPU
		{1CE3A583-E0B0-4F66-8B78-FBA46246CA54}.Release|Any CPU.ActiveCfg = Release|Any CPU
		{1CE3A583-E0B0-4F66-8B78-FBA46246CA54}.Release|Any CPU.Build.0 = Release|Any CPU
		{3098C070-BF58-4F7D-87E5-F9D4E3E53229}.Debug|Any CPU.ActiveCfg = Debug|Any CPU
		{3098C070-BF58-4F7D-87E5-F9D4E3E53229}.Debug|Any CPU.Build.0 = Debug|Any CPU
		{3098C070-BF58-4F7D-87E5-F9D4E3E53229}.Release|Any CPU.ActiveCfg = Release|Any CPU
		{3098C070-BF58-4F7D-87E5-F9D4E3E53229}.Release|Any CPU.Build.0 = Release|Any CPU
		{02B13875-6025-4412-BF60-4B554CD3791A}.Debug|Any CPU.ActiveCfg = Debug|Any CPU
		{02B13875-6025-4412-BF60-4B554CD3791A}.Debug|Any CPU.Build.0 = Debug|Any CPU
		{02B13875-6025-4412-BF60-4B554CD3791A}.Release|Any CPU.ActiveCfg = Release|Any CPU
		{02B13875-6025-4412-BF60-4B554CD3791A}.Release|Any CPU.Build.0 = Release|Any CPU
		{7EAD921A-A32D-4CA1-B9CD-FC8BBE35C858}.Debug|Any CPU.ActiveCfg = Debug|Any CPU
		{7EAD921A-A32D-4CA1-B9CD-FC8BBE35C858}.Debug|Any CPU.Build.0 = Debug|Any CPU
		{7EAD921A-A32D-4CA1-B9CD-FC8BBE35C858}.Release|Any CPU.ActiveCfg = Release|Any CPU
		{7EAD921A-A32D-4CA1-B9CD-FC8BBE35C858}.Release|Any CPU.Build.0 = Release|Any CPU
		{9FE19D52-E0CD-4CCE-9D2C-04E94565573C}.Debug|Any CPU.ActiveCfg = Debug|Any CPU
		{9FE19D52-E0CD-4CCE-9D2C-04E94565573C}.Debug|Any CPU.Build.0 = Debug|Any CPU
		{9FE19D52-E0CD-4CCE-9D2C-04E94565573C}.Release|Any CPU.ActiveCfg = Release|Any CPU
		{9FE19D52-E0CD-4CCE-9D2C-04E94565573C}.Release|Any CPU.Build.0 = Release|Any CPU
		{7D0DA9D2-0DA2-4F11-ABE0-BA2394BD2330}.Debug|Any CPU.ActiveCfg = Debug|Any CPU
		{7D0DA9D2-0DA2-4F11-ABE0-BA2394BD2330}.Debug|Any CPU.Build.0 = Debug|Any CPU
		{7D0DA9D2-0DA2-4F11-ABE0-BA2394BD2330}.Release|Any CPU.ActiveCfg = Release|Any CPU
		{7D0DA9D2-0DA2-4F11-ABE0-BA2394BD2330}.Release|Any CPU.Build.0 = Release|Any CPU
		{4AFADCF8-22FF-40E4-99F6-F53430DE9451}.Debug|Any CPU.ActiveCfg = Debug|Any CPU
		{4AFADCF8-22FF-40E4-99F6-F53430DE9451}.Debug|Any CPU.Build.0 = Debug|Any CPU
		{4AFADCF8-22FF-40E4-99F6-F53430DE9451}.Release|Any CPU.ActiveCfg = Release|Any CPU
		{4AFADCF8-22FF-40E4-99F6-F53430DE9451}.Release|Any CPU.Build.0 = Release|Any CPU
		{8E47D59A-D732-4131-8960-A6DDA53213FE}.Debug|Any CPU.ActiveCfg = Debug|Any CPU
		{8E47D59A-D732-4131-8960-A6DDA53213FE}.Debug|Any CPU.Build.0 = Debug|Any CPU
		{8E47D59A-D732-4131-8960-A6DDA53213FE}.Release|Any CPU.ActiveCfg = Release|Any CPU
		{8E47D59A-D732-4131-8960-A6DDA53213FE}.Release|Any CPU.Build.0 = Release|Any CPU
		{2F987708-B9B5-4B72-92F9-0D43A952BF0B}.Debug|Any CPU.ActiveCfg = Debug|Any CPU
		{2F987708-B9B5-4B72-92F9-0D43A952BF0B}.Debug|Any CPU.Build.0 = Debug|Any CPU
		{2F987708-B9B5-4B72-92F9-0D43A952BF0B}.Release|Any CPU.ActiveCfg = Release|Any CPU
		{2F987708-B9B5-4B72-92F9-0D43A952BF0B}.Release|Any CPU.Build.0 = Release|Any CPU
	EndGlobalSection
	GlobalSection(SolutionProperties) = preSolution
		HideSolutionNode = FALSE
	EndGlobalSection
	GlobalSection(NestedProjects) = preSolution
		{02D5237F-32CB-49CF-A4DE-61958F3B15CA} = {7423846F-7C7F-4C0D-A53F-2CFA0C8CBD83}
		{50325A40-DE46-44B2-A58B-8D5D0ABF32D5} = {9AE03574-E7B8-4A74-8C87-B8C528E98881}
		{75CA1C62-B523-4810-AAC1-68C422617005} = {9AE03574-E7B8-4A74-8C87-B8C528E98881}
		{1A5ECA66-10F7-4A26-A032-252AA1B9EE64} = {9AE03574-E7B8-4A74-8C87-B8C528E98881}
		{FC5E729E-8A7A-478D-85BF-F7F175EB0778} = {9AE03574-E7B8-4A74-8C87-B8C528E98881}
		{40649E52-345D-426C-B249-1F90C0466C92} = {B2B3E2A0-9B78-4C9A-B2D0-1DAF75627688}
		{8BB5B6E2-8E28-4616-B25A-8BF70AD2D1FD} = {B2B3E2A0-9B78-4C9A-B2D0-1DAF75627688}
		{1CE3A583-E0B0-4F66-8B78-FBA46246CA54} = {B2B3E2A0-9B78-4C9A-B2D0-1DAF75627688}
		{3098C070-BF58-4F7D-87E5-F9D4E3E53229} = {B2B3E2A0-9B78-4C9A-B2D0-1DAF75627688}
		{02B13875-6025-4412-BF60-4B554CD3791A} = {B2B3E2A0-9B78-4C9A-B2D0-1DAF75627688}
		{0327CC21-AFF3-4621-ADA4-1C4875564478} = {1DBF17DC-8AA0-460B-9AB0-77975573DC58}
		{7EAD921A-A32D-4CA1-B9CD-FC8BBE35C858} = {0327CC21-AFF3-4621-ADA4-1C4875564478}
		{9FE19D52-E0CD-4CCE-9D2C-04E94565573C} = {0327CC21-AFF3-4621-ADA4-1C4875564478}
		{7D0DA9D2-0DA2-4F11-ABE0-BA2394BD2330} = {0327CC21-AFF3-4621-ADA4-1C4875564478}
		{4AFADCF8-22FF-40E4-99F6-F53430DE9451} = {0327CC21-AFF3-4621-ADA4-1C4875564478}
		{8E47D59A-D732-4131-8960-A6DDA53213FE} = {0327CC21-AFF3-4621-ADA4-1C4875564478}
		{CCE689D0-37BE-4D89-B4DC-0AAD67AB4C8E} = {1DBF17DC-8AA0-460B-9AB0-77975573DC58}
		{2F987708-B9B5-4B72-92F9-0D43A952BF0B} = {CCE689D0-37BE-4D89-B4DC-0AAD67AB4C8E}
	EndGlobalSection
EndGlobal
