
Microsoft Visual Studio Solution File, Format Version 12.00
# Visual Studio 14
VisualStudioVersion = 14.0.25420.1
MinimumVisualStudioVersion = 10.0.40219.1
Project("{2150E333-8FDC-42A3-9474-1A3956D46DE8}") = "1.CQS", "1.CQS", "{7423846F-7C7F-4C0D-A53F-2CFA0C8CBD83}"
EndProject
Project("{FAE04EC0-301F-11D3-BF4B-00C04F79EFBC}") = "CQS", "src\CQS\CQS.csproj", "{02D5237F-32CB-49CF-A4DE-61958F3B15CA}"
EndProject
Project("{2150E333-8FDC-42A3-9474-1A3956D46DE8}") = "2.GRASP", "2.GRASP", "{9AE03574-E7B8-4A74-8C87-B8C528E98881}"
EndProject
Project("{FAE04EC0-301F-11D3-BF4B-00C04F79EFBC}") = "Creator", "src\GRASP\Creator\Creator.csproj", "{50325A40-DE46-44B2-A58B-8D5D0ABF32D5}"
EndProject
Project("{FAE04EC0-301F-11D3-BF4B-00C04F79EFBC}") = "Expert", "src\GRASP\Expert\Expert.csproj", "{75CA1C62-B523-4810-AAC1-68C422617005}"
EndProject
Project("{FAE04EC0-301F-11D3-BF4B-00C04F79EFBC}") = "LowCoupling", "src\GRASP\LowCoupling\LowCoupling.csproj", "{1A5ECA66-10F7-4A26-A032-252AA1B9EE64}"
EndProject
Project("{FAE04EC0-301F-11D3-BF4B-00C04F79EFBC}") = "HighCohesion", "src\GRASP\HighCohesion\HighCohesion.csproj", "{FC5E729E-8A7A-478D-85BF-F7F175EB0778}"
EndProject
Global
	GlobalSection(SolutionConfigurationPlatforms) = preSolution
		Debug|Any CPU = Debug|Any CPU
		Release|Any CPU = Release|Any CPU
	EndGlobalSection
	GlobalSection(ProjectConfigurationPlatforms) = postSolution
		{02D5237F-32CB-49CF-A4DE-61958F3B15CA}.Debug|Any CPU.ActiveCfg = Debug|Any CPU
		{02D5237F-32CB-49CF-A4DE-61958F3B15CA}.Debug|Any CPU.Build.0 = Debug|Any CPU
		{02D5237F-32CB-49CF-A4DE-61958F3B15CA}.Release|Any CPU.ActiveCfg = Release|Any CPU
		{02D5237F-32CB-49CF-A4DE-61958F3B15CA}.Release|Any CPU.Build.0 = Release|Any CPU
		{50325A40-DE46-44B2-A58B-8D5D0ABF32D5}.Debug|Any CPU.ActiveCfg = Debug|Any CPU
		{50325A40-DE46-44B2-A58B-8D5D0ABF32D5}.Debug|Any CPU.Build.0 = Debug|Any CPU
		{50325A40-DE46-44B2-A58B-8D5D0ABF32D5}.Release|Any CPU.ActiveCfg = Release|Any CPU
		{50325A40-DE46-44B2-A58B-8D5D0ABF32D5}.Release|Any CPU.Build.0 = Release|Any CPU
		{75CA1C62-B523-4810-AAC1-68C422617005}.Debug|Any CPU.ActiveCfg = Debug|Any CPU
		{75CA1C62-B523-4810-AAC1-68C422617005}.Debug|Any CPU.Build.0 = Debug|Any CPU
		{75CA1C62-B523-4810-AAC1-68C422617005}.Release|Any CPU.ActiveCfg = Release|Any CPU
		{75CA1C62-B523-4810-AAC1-68C422617005}.Release|Any CPU.Build.0 = Release|Any CPU
		{1A5ECA66-10F7-4A26-A032-252AA1B9EE64}.Debug|Any CPU.ActiveCfg = Debug|Any CPU
		{1A5ECA66-10F7-4A26-A032-252AA1B9EE64}.Debug|Any CPU.Build.0 = Debug|Any CPU
		{1A5ECA66-10F7-4A26-A032-252AA1B9EE64}.Release|Any CPU.ActiveCfg = Release|Any CPU
		{1A5ECA66-10F7-4A26-A032-252AA1B9EE64}.Release|Any CPU.Build.0 = Release|Any CPU
		{FC5E729E-8A7A-478D-85BF-F7F175EB0778}.Debug|Any CPU.ActiveCfg = Debug|Any CPU
		{FC5E729E-8A7A-478D-85BF-F7F175EB0778}.Debug|Any CPU.Build.0 = Debug|Any CPU
		{FC5E729E-8A7A-478D-85BF-F7F175EB0778}.Release|Any CPU.ActiveCfg = Release|Any CPU
		{FC5E729E-8A7A-478D-85BF-F7F175EB0778}.Release|Any CPU.Build.0 = Release|Any CPU
	EndGlobalSection
	GlobalSection(SolutionProperties) = preSolution
		HideSolutionNode = FALSE
	EndGlobalSection
	GlobalSection(NestedProjects) = preSolution
		{02D5237F-32CB-49CF-A4DE-61958F3B15CA} = {7423846F-7C7F-4C0D-A53F-2CFA0C8CBD83}
		{50325A40-DE46-44B2-A58B-8D5D0ABF32D5} = {9AE03574-E7B8-4A74-8C87-B8C528E98881}
		{75CA1C62-B523-4810-AAC1-68C422617005} = {9AE03574-E7B8-4A74-8C87-B8C528E98881}
		{1A5ECA66-10F7-4A26-A032-252AA1B9EE64} = {9AE03574-E7B8-4A74-8C87-B8C528E98881}
		{FC5E729E-8A7A-478D-85BF-F7F175EB0778} = {9AE03574-E7B8-4A74-8C87-B8C528E98881}
	EndGlobalSection
EndGlobal
